
Microsoft Visual Studio Solution File, Format Version 12.00
# Visual Studio Version 16
VisualStudioVersion = 16.0.31112.23
MinimumVisualStudioVersion = 10.0.40219.1
Project("{FAE04EC0-301F-11D3-BF4B-00C04F79EFBC}") = "ITXCatalogueManager", "ITXCatalogueManager\ITXCatalogueManager.csproj", "{1B63789F-9200-43B3-A283-B824AE1784AA}"
EndProject
Global
	GlobalSection(SolutionConfigurationPlatforms) = preSolution
		Debug|Any CPU = Debug|Any CPU
		Release|Any CPU = Release|Any CPU
	EndGlobalSection
	GlobalSection(ProjectConfigurationPlatforms) = postSolution
		{1B63789F-9200-43B3-A283-B824AE1784AA}.Debug|Any CPU.ActiveCfg = Debug|Any CPU
		{1B63789F-9200-43B3-A283-B824AE1784AA}.Debug|Any CPU.Build.0 = Debug|Any CPU
		{1B63789F-9200-43B3-A283-B824AE1784AA}.Release|Any CPU.ActiveCfg = Release|Any CPU
		{1B63789F-9200-43B3-A283-B824AE1784AA}.Release|Any CPU.Build.0 = Release|Any CPU
	EndGlobalSection
	GlobalSection(SolutionProperties) = preSolution
		HideSolutionNode = FALSE
	EndGlobalSection
	GlobalSection(ExtensibilityGlobals) = postSolution
		SolutionGuid = {0D63AFDE-0128-459E-A3FB-A90DAB8A6C87}
	EndGlobalSection
EndGlobal
